// !$*UTF8*$!
{
	archiveVersion = 1;
	classes = {
	};
	objectVersion = 46;
	objects = {

/* Begin PBXBuildFile section */
		FDB6DEFB20EA095100DB095F /* Platform.swift in Sources */ = {isa = PBXBuildFile; fileRef = FDB6DEFA20EA095100DB095F /* Platform.swift */; };
		FDB6DEFD20EA158D00DB095F /* PlatformFactory.swift in Sources */ = {isa = PBXBuildFile; fileRef = FDB6DEFC20EA158D00DB095F /* PlatformFactory.swift */; };
		FDBE921420EB4D66003B5856 /* background_f0.png in Resources */ = {isa = PBXBuildFile; fileRef = FDBE921220EB4D66003B5856 /* background_f0.png */; };
		FDBE921520EB4D66003B5856 /* background_f1.png in Resources */ = {isa = PBXBuildFile; fileRef = FDBE921320EB4D66003B5856 /* background_f1.png */; };
		FDBE921720EB4DD2003B5856 /* BackGround.swift in Sources */ = {isa = PBXBuildFile; fileRef = FDBE921620EB4DD2003B5856 /* BackGround.swift */; };
		FDBE921920EB5E0D003B5856 /* BitMaskType.swift in Sources */ = {isa = PBXBuildFile; fileRef = FDBE921820EB5E0D003B5856 /* BitMaskType.swift */; };
		FDF3D85A20E1CB3500D233B5 /* AppDelegate.swift in Sources */ = {isa = PBXBuildFile; fileRef = FDF3D85920E1CB3500D233B5 /* AppDelegate.swift */; };
		FDF3D85C20E1CB3500D233B5 /* GameScene.sks in Resources */ = {isa = PBXBuildFile; fileRef = FDF3D85B20E1CB3500D233B5 /* GameScene.sks */; };
		FDF3D85E20E1CB3500D233B5 /* GameScene.swift in Sources */ = {isa = PBXBuildFile; fileRef = FDF3D85D20E1CB3500D233B5 /* GameScene.swift */; };
		FDF3D86020E1CB3500D233B5 /* GameViewController.swift in Sources */ = {isa = PBXBuildFile; fileRef = FDF3D85F20E1CB3500D233B5 /* GameViewController.swift */; };
		FDF3D86320E1CB3500D233B5 /* Main.storyboard in Resources */ = {isa = PBXBuildFile; fileRef = FDF3D86120E1CB3500D233B5 /* Main.storyboard */; };
		FDF3D86520E1CB3500D233B5 /* Assets.xcassets in Resources */ = {isa = PBXBuildFile; fileRef = FDF3D86420E1CB3500D233B5 /* Assets.xcassets */; };
		FDF3D86820E1CB3500D233B5 /* LaunchScreen.storyboard in Resources */ = {isa = PBXBuildFile; fileRef = FDF3D86620E1CB3500D233B5 /* LaunchScreen.storyboard */; };
		FDF3D87320E1CB3500D233B5 /* pandaTests.swift in Sources */ = {isa = PBXBuildFile; fileRef = FDF3D87220E1CB3500D233B5 /* pandaTests.swift */; };
		FDF3D87E20E1CB3500D233B5 /* pandaUITests.swift in Sources */ = {isa = PBXBuildFile; fileRef = FDF3D87D20E1CB3500D233B5 /* pandaUITests.swift */; };
		FDF3D89020E1CBCD00D233B5 /* jump.atlas in Resources */ = {isa = PBXBuildFile; fileRef = FDF3D88C20E1CBCD00D233B5 /* jump.atlas */; };
		FDF3D89120E1CBCD00D233B5 /* jump_effect.atlas in Resources */ = {isa = PBXBuildFile; fileRef = FDF3D88D20E1CBCD00D233B5 /* jump_effect.atlas */; };
		FDF3D89220E1CBCD00D233B5 /* roll.atlas in Resources */ = {isa = PBXBuildFile; fileRef = FDF3D88E20E1CBCD00D233B5 /* roll.atlas */; };
		FDF3D89320E1CBCD00D233B5 /* run.atlas in Resources */ = {isa = PBXBuildFile; fileRef = FDF3D88F20E1CBCD00D233B5 /* run.atlas */; };
		FDF3D89920E1CC4800D233B5 /* apple.mp3 in Resources */ = {isa = PBXBuildFile; fileRef = FDF3D89520E1CC4800D233B5 /* apple.mp3 */; };
		FDF3D89A20E1CC4800D233B5 /* hit.mp3 in Resources */ = {isa = PBXBuildFile; fileRef = FDF3D89620E1CC4800D233B5 /* hit.mp3 */; };
		FDF3D89B20E1CC4800D233B5 /* hit_platform.mp3 in Resources */ = {isa = PBXBuildFile; fileRef = FDF3D89720E1CC4800D233B5 /* hit_platform.mp3 */; };
		FDF3D89C20E1CC4800D233B5 /* lose.mp3 in Resources */ = {isa = PBXBuildFile; fileRef = FDF3D89820E1CC4800D233B5 /* lose.mp3 */; };
		FDF3D89E20E1CD0D00D233B5 /* Panda.swift in Sources */ = {isa = PBXBuildFile; fileRef = FDF3D89D20E1CD0D00D233B5 /* Panda.swift */; };
/* End PBXBuildFile section */

/* Begin PBXContainerItemProxy section */
		FDF3D86F20E1CB3500D233B5 /* PBXContainerItemProxy */ = {
			isa = PBXContainerItemProxy;
			containerPortal = FDF3D84E20E1CB3400D233B5 /* Project object */;
			proxyType = 1;
			remoteGlobalIDString = FDF3D85520E1CB3400D233B5;
			remoteInfo = panda;
		};
		FDF3D87A20E1CB3500D233B5 /* PBXContainerItemProxy */ = {
			isa = PBXContainerItemProxy;
			containerPortal = FDF3D84E20E1CB3400D233B5 /* Project object */;
			proxyType = 1;
			remoteGlobalIDString = FDF3D85520E1CB3400D233B5;
			remoteInfo = panda;
		};
/* End PBXContainerItemProxy section */

/* Begin PBXFileReference section */
		FDB6DEFA20EA095100DB095F /* Platform.swift */ = {isa = PBXFileReference; fileEncoding = 4; lastKnownFileType = sourcecode.swift; path = Platform.swift; sourceTree = "<group>"; };
		FDB6DEFC20EA158D00DB095F /* PlatformFactory.swift */ = {isa = PBXFileReference; fileEncoding = 4; lastKnownFileType = sourcecode.swift; path = PlatformFactory.swift; sourceTree = "<group>"; };
		FDBE921220EB4D66003B5856 /* background_f0.png */ = {isa = PBXFileReference; lastKnownFileType = image.png; path = background_f0.png; sourceTree = "<group>"; };
		FDBE921320EB4D66003B5856 /* background_f1.png */ = {isa = PBXFileReference; lastKnownFileType = image.png; path = background_f1.png; sourceTree = "<group>"; };
		FDBE921620EB4DD2003B5856 /* BackGround.swift */ = {isa = PBXFileReference; fileEncoding = 4; lastKnownFileType = sourcecode.swift; path = BackGround.swift; sourceTree = "<group>"; };
		FDBE921820EB5E0D003B5856 /* BitMaskType.swift */ = {isa = PBXFileReference; fileEncoding = 4; lastKnownFileType = sourcecode.swift; path = BitMaskType.swift; sourceTree = "<group>"; };
		FDF3D85620E1CB3400D233B5 /* panda.app */ = {isa = PBXFileReference; explicitFileType = wrapper.application; includeInIndex = 0; path = panda.app; sourceTree = BUILT_PRODUCTS_DIR; };
		FDF3D85920E1CB3500D233B5 /* AppDelegate.swift */ = {isa = PBXFileReference; lastKnownFileType = sourcecode.swift; path = AppDelegate.swift; sourceTree = "<group>"; };
		FDF3D85B20E1CB3500D233B5 /* GameScene.sks */ = {isa = PBXFileReference; lastKnownFileType = file.sks; path = GameScene.sks; sourceTree = "<group>"; };
		FDF3D85D20E1CB3500D233B5 /* GameScene.swift */ = {isa = PBXFileReference; lastKnownFileType = sourcecode.swift; path = GameScene.swift; sourceTree = "<group>"; };
		FDF3D85F20E1CB3500D233B5 /* GameViewController.swift */ = {isa = PBXFileReference; lastKnownFileType = sourcecode.swift; path = GameViewController.swift; sourceTree = "<group>"; };
		FDF3D86220E1CB3500D233B5 /* Base */ = {isa = PBXFileReference; lastKnownFileType = file.storyboard; name = Base; path = Base.lproj/Main.storyboard; sourceTree = "<group>"; };
		FDF3D86420E1CB3500D233B5 /* Assets.xcassets */ = {isa = PBXFileReference; lastKnownFileType = folder.assetcatalog; path = Assets.xcassets; sourceTree = "<group>"; };
		FDF3D86720E1CB3500D233B5 /* Base */ = {isa = PBXFileReference; lastKnownFileType = file.storyboard; name = Base; path = Base.lproj/LaunchScreen.storyboard; sourceTree = "<group>"; };
		FDF3D86920E1CB3500D233B5 /* Info.plist */ = {isa = PBXFileReference; lastKnownFileType = text.plist.xml; path = Info.plist; sourceTree = "<group>"; };
		FDF3D86E20E1CB3500D233B5 /* pandaTests.xctest */ = {isa = PBXFileReference; explicitFileType = wrapper.cfbundle; includeInIndex = 0; path = pandaTests.xctest; sourceTree = BUILT_PRODUCTS_DIR; };
		FDF3D87220E1CB3500D233B5 /* pandaTests.swift */ = {isa = PBXFileReference; lastKnownFileType = sourcecode.swift; path = pandaTests.swift; sourceTree = "<group>"; };
		FDF3D87420E1CB3500D233B5 /* Info.plist */ = {isa = PBXFileReference; lastKnownFileType = text.plist.xml; path = Info.plist; sourceTree = "<group>"; };
		FDF3D87920E1CB3500D233B5 /* pandaUITests.xctest */ = {isa = PBXFileReference; explicitFileType = wrapper.cfbundle; includeInIndex = 0; path = pandaUITests.xctest; sourceTree = BUILT_PRODUCTS_DIR; };
		FDF3D87D20E1CB3500D233B5 /* pandaUITests.swift */ = {isa = PBXFileReference; lastKnownFileType = sourcecode.swift; path = pandaUITests.swift; sourceTree = "<group>"; };
		FDF3D87F20E1CB3500D233B5 /* Info.plist */ = {isa = PBXFileReference; lastKnownFileType = text.plist.xml; path = Info.plist; sourceTree = "<group>"; };
		FDF3D88C20E1CBCD00D233B5 /* jump.atlas */ = {isa = PBXFileReference; lastKnownFileType = folder.skatlas; path = jump.atlas; sourceTree = "<group>"; };
		FDF3D88D20E1CBCD00D233B5 /* jump_effect.atlas */ = {isa = PBXFileReference; lastKnownFileType = folder.skatlas; path = jump_effect.atlas; sourceTree = "<group>"; };
		FDF3D88E20E1CBCD00D233B5 /* roll.atlas */ = {isa = PBXFileReference; lastKnownFileType = folder.skatlas; path = roll.atlas; sourceTree = "<group>"; };
		FDF3D88F20E1CBCD00D233B5 /* run.atlas */ = {isa = PBXFileReference; lastKnownFileType = folder.skatlas; path = run.atlas; sourceTree = "<group>"; };
		FDF3D89520E1CC4800D233B5 /* apple.mp3 */ = {isa = PBXFileReference; lastKnownFileType = audio.mp3; path = apple.mp3; sourceTree = "<group>"; };
		FDF3D89620E1CC4800D233B5 /* hit.mp3 */ = {isa = PBXFileReference; lastKnownFileType = audio.mp3; path = hit.mp3; sourceTree = "<group>"; };
		FDF3D89720E1CC4800D233B5 /* hit_platform.mp3 */ = {isa = PBXFileReference; lastKnownFileType = audio.mp3; path = hit_platform.mp3; sourceTree = "<group>"; };
		FDF3D89820E1CC4800D233B5 /* lose.mp3 */ = {isa = PBXFileReference; lastKnownFileType = audio.mp3; path = lose.mp3; sourceTree = "<group>"; };
		FDF3D89D20E1CD0D00D233B5 /* Panda.swift */ = {isa = PBXFileReference; fileEncoding = 4; lastKnownFileType = sourcecode.swift; path = Panda.swift; sourceTree = "<group>"; };
/* End PBXFileReference section */

/* Begin PBXFrameworksBuildPhase section */
		FDF3D85320E1CB3400D233B5 /* Frameworks */ = {
			isa = PBXFrameworksBuildPhase;
			buildActionMask = 2147483647;
			files = (
			);
			runOnlyForDeploymentPostprocessing = 0;
		};
		FDF3D86B20E1CB3500D233B5 /* Frameworks */ = {
			isa = PBXFrameworksBuildPhase;
			buildActionMask = 2147483647;
			files = (
			);
			runOnlyForDeploymentPostprocessing = 0;
		};
		FDF3D87620E1CB3500D233B5 /* Frameworks */ = {
			isa = PBXFrameworksBuildPhase;
			buildActionMask = 2147483647;
			files = (
			);
			runOnlyForDeploymentPostprocessing = 0;
		};
/* End PBXFrameworksBuildPhase section */

/* Begin PBXGroup section */
		FDBE921120EB4D66003B5856 /* background */ = {
			isa = PBXGroup;
			children = (
				FDBE921220EB4D66003B5856 /* background_f0.png */,
				FDBE921320EB4D66003B5856 /* background_f1.png */,
			);
			path = background;
			sourceTree = "<group>";
		};
		FDF3D84D20E1CB3400D233B5 = {
			isa = PBXGroup;
			children = (
				FDF3D85820E1CB3400D233B5 /* panda */,
				FDF3D87120E1CB3500D233B5 /* pandaTests */,
				FDF3D87C20E1CB3500D233B5 /* pandaUITests */,
				FDF3D85720E1CB3400D233B5 /* Products */,
			);
			sourceTree = "<group>";
		};
		FDF3D85720E1CB3400D233B5 /* Products */ = {
			isa = PBXGroup;
			children = (
				FDF3D85620E1CB3400D233B5 /* panda.app */,
				FDF3D86E20E1CB3500D233B5 /* pandaTests.xctest */,
				FDF3D87920E1CB3500D233B5 /* pandaUITests.xctest */,
			);
			name = Products;
			sourceTree = "<group>";
		};
		FDF3D85820E1CB3400D233B5 /* panda */ = {
			isa = PBXGroup;
			children = (
				FDBE921120EB4D66003B5856 /* background */,
				FDF3D89420E1CC4800D233B5 /* sound */,
				FDF3D88B20E1CBCD00D233B5 /* atlas */,
				FDF3D85920E1CB3500D233B5 /* AppDelegate.swift */,
				FDF3D89D20E1CD0D00D233B5 /* Panda.swift */,
				FDF3D85B20E1CB3500D233B5 /* GameScene.sks */,
				FDF3D85D20E1CB3500D233B5 /* GameScene.swift */,
				FDBE921820EB5E0D003B5856 /* BitMaskType.swift */,
				FDB6DEFA20EA095100DB095F /* Platform.swift */,
				FDB6DEFC20EA158D00DB095F /* PlatformFactory.swift */,
				FDBE921620EB4DD2003B5856 /* BackGround.swift */,
				FDF3D85F20E1CB3500D233B5 /* GameViewController.swift */,
				FDF3D86120E1CB3500D233B5 /* Main.storyboard */,
				FDF3D86420E1CB3500D233B5 /* Assets.xcassets */,
				FDF3D86620E1CB3500D233B5 /* LaunchScreen.storyboard */,
				FDF3D86920E1CB3500D233B5 /* Info.plist */,
			);
			path = panda;
			sourceTree = "<group>";
		};
		FDF3D87120E1CB3500D233B5 /* pandaTests */ = {
			isa = PBXGroup;
			children = (
				FDF3D87220E1CB3500D233B5 /* pandaTests.swift */,
				FDF3D87420E1CB3500D233B5 /* Info.plist */,
			);
			path = pandaTests;
			sourceTree = "<group>";
		};
		FDF3D87C20E1CB3500D233B5 /* pandaUITests */ = {
			isa = PBXGroup;
			children = (
				FDF3D87D20E1CB3500D233B5 /* pandaUITests.swift */,
				FDF3D87F20E1CB3500D233B5 /* Info.plist */,
			);
			path = pandaUITests;
			sourceTree = "<group>";
		};
		FDF3D88B20E1CBCD00D233B5 /* atlas */ = {
			isa = PBXGroup;
			children = (
				FDF3D88C20E1CBCD00D233B5 /* jump.atlas */,
				FDF3D88D20E1CBCD00D233B5 /* jump_effect.atlas */,
				FDF3D88E20E1CBCD00D233B5 /* roll.atlas */,
				FDF3D88F20E1CBCD00D233B5 /* run.atlas */,
			);
			path = atlas;
			sourceTree = "<group>";
		};
		FDF3D89420E1CC4800D233B5 /* sound */ = {
			isa = PBXGroup;
			children = (
				FDF3D89520E1CC4800D233B5 /* apple.mp3 */,
				FDF3D89620E1CC4800D233B5 /* hit.mp3 */,
				FDF3D89720E1CC4800D233B5 /* hit_platform.mp3 */,
				FDF3D89820E1CC4800D233B5 /* lose.mp3 */,
			);
			path = sound;
			sourceTree = "<group>";
		};
/* End PBXGroup section */

/* Begin PBXNativeTarget section */
		FDF3D85520E1CB3400D233B5 /* panda */ = {
			isa = PBXNativeTarget;
			buildConfigurationList = FDF3D88220E1CB3500D233B5 /* Build configuration list for PBXNativeTarget "panda" */;
			buildPhases = (
				FDF3D85220E1CB3400D233B5 /* Sources */,
				FDF3D85320E1CB3400D233B5 /* Frameworks */,
				FDF3D85420E1CB3400D233B5 /* Resources */,
			);
			buildRules = (
			);
			dependencies = (
			);
			name = panda;
			productName = panda;
			productReference = FDF3D85620E1CB3400D233B5 /* panda.app */;
			productType = "com.apple.product-type.application";
		};
		FDF3D86D20E1CB3500D233B5 /* pandaTests */ = {
			isa = PBXNativeTarget;
			buildConfigurationList = FDF3D88520E1CB3500D233B5 /* Build configuration list for PBXNativeTarget "pandaTests" */;
			buildPhases = (
				FDF3D86A20E1CB3500D233B5 /* Sources */,
				FDF3D86B20E1CB3500D233B5 /* Frameworks */,
				FDF3D86C20E1CB3500D233B5 /* Resources */,
			);
			buildRules = (
			);
			dependencies = (
				FDF3D87020E1CB3500D233B5 /* PBXTargetDependency */,
			);
			name = pandaTests;
			productName = pandaTests;
			productReference = FDF3D86E20E1CB3500D233B5 /* pandaTests.xctest */;
			productType = "com.apple.product-type.bundle.unit-test";
		};
		FDF3D87820E1CB3500D233B5 /* pandaUITests */ = {
			isa = PBXNativeTarget;
			buildConfigurationList = FDF3D88820E1CB3500D233B5 /* Build configuration list for PBXNativeTarget "pandaUITests" */;
			buildPhases = (
				FDF3D87520E1CB3500D233B5 /* Sources */,
				FDF3D87620E1CB3500D233B5 /* Frameworks */,
				FDF3D87720E1CB3500D233B5 /* Resources */,
			);
			buildRules = (
			);
			dependencies = (
				FDF3D87B20E1CB3500D233B5 /* PBXTargetDependency */,
			);
			name = pandaUITests;
			productName = pandaUITests;
			productReference = FDF3D87920E1CB3500D233B5 /* pandaUITests.xctest */;
			productType = "com.apple.product-type.bundle.ui-testing";
		};
/* End PBXNativeTarget section */

/* Begin PBXProject section */
		FDF3D84E20E1CB3400D233B5 /* Project object */ = {
			isa = PBXProject;
			attributes = {
				LastSwiftUpdateCheck = 0730;
				LastUpgradeCheck = 0730;
				ORGANIZATIONNAME = s20151104695;
				TargetAttributes = {
					FDF3D85520E1CB3400D233B5 = {
						CreatedOnToolsVersion = 7.3;
					};
					FDF3D86D20E1CB3500D233B5 = {
						CreatedOnToolsVersion = 7.3;
						TestTargetID = FDF3D85520E1CB3400D233B5;
					};
					FDF3D87820E1CB3500D233B5 = {
						CreatedOnToolsVersion = 7.3;
						TestTargetID = FDF3D85520E1CB3400D233B5;
					};
				};
			};
			buildConfigurationList = FDF3D85120E1CB3400D233B5 /* Build configuration list for PBXProject "panda" */;
			compatibilityVersion = "Xcode 3.2";
			developmentRegion = English;
			hasScannedForEncodings = 0;
			knownRegions = (
				en,
				Base,
			);
			mainGroup = FDF3D84D20E1CB3400D233B5;
			productRefGroup = FDF3D85720E1CB3400D233B5 /* Products */;
			projectDirPath = "";
			projectRoot = "";
			targets = (
				FDF3D85520E1CB3400D233B5 /* panda */,
				FDF3D86D20E1CB3500D233B5 /* pandaTests */,
				FDF3D87820E1CB3500D233B5 /* pandaUITests */,
			);
		};
/* End PBXProject section */

/* Begin PBXResourcesBuildPhase section */
		FDF3D85420E1CB3400D233B5 /* Resources */ = {
			isa = PBXResourcesBuildPhase;
			buildActionMask = 2147483647;
			files = (
				FDF3D85C20E1CB3500D233B5 /* GameScene.sks in Resources */,
				FDF3D89320E1CBCD00D233B5 /* run.atlas in Resources */,
				FDF3D86820E1CB3500D233B5 /* LaunchScreen.storyboard in Resources */,
				FDF3D89B20E1CC4800D233B5 /* hit_platform.mp3 in Resources */,
				FDF3D89120E1CBCD00D233B5 /* jump_effect.atlas in Resources */,
				FDF3D89C20E1CC4800D233B5 /* lose.mp3 in Resources */,
				FDF3D89A20E1CC4800D233B5 /* hit.mp3 in Resources */,
				FDBE921420EB4D66003B5856 /* background_f0.png in Resources */,
				FDBE921520EB4D66003B5856 /* background_f1.png in Resources */,
				FDF3D89920E1CC4800D233B5 /* apple.mp3 in Resources */,
				FDF3D86520E1CB3500D233B5 /* Assets.xcassets in Resources */,
				FDF3D86320E1CB3500D233B5 /* Main.storyboard in Resources */,
				FDF3D89220E1CBCD00D233B5 /* roll.atlas in Resources */,
				FDF3D89020E1CBCD00D233B5 /* jump.atlas in Resources */,
			);
			runOnlyForDeploymentPostprocessing = 0;
		};
		FDF3D86C20E1CB3500D233B5 /* Resources */ = {
			isa = PBXResourcesBuildPhase;
			buildActionMask = 2147483647;
			files = (
			);
			runOnlyForDeploymentPostprocessing = 0;
		};
		FDF3D87720E1CB3500D233B5 /* Resources */ = {
			isa = PBXResourcesBuildPhase;
			buildActionMask = 2147483647;
			files = (
			);
			runOnlyForDeploymentPostprocessing = 0;
		};
/* End PBXResourcesBuildPhase section */

/* Begin PBXSourcesBuildPhase section */
		FDF3D85220E1CB3400D233B5 /* Sources */ = {
			isa = PBXSourcesBuildPhase;
			buildActionMask = 2147483647;
			files = (
				FDB6DEFB20EA095100DB095F /* Platform.swift in Sources */,
				FDBE921920EB5E0D003B5856 /* BitMaskType.swift in Sources */,
				FDF3D85E20E1CB3500D233B5 /* GameScene.swift in Sources */,
				FDF3D86020E1CB3500D233B5 /* GameViewController.swift in Sources */,
				FDB6DEFD20EA158D00DB095F /* PlatformFactory.swift in Sources */,
				FDBE921720EB4DD2003B5856 /* BackGround.swift in Sources */,
				FDF3D89E20E1CD0D00D233B5 /* Panda.swift in Sources */,
				FDF3D85A20E1CB3500D233B5 /* AppDelegate.swift in Sources */,
			);
			runOnlyForDeploymentPostprocessing = 0;
		};
		FDF3D86A20E1CB3500D233B5 /* Sources */ = {
			isa = PBXSourcesBuildPhase;
			buildActionMask = 2147483647;
			files = (
				FDF3D87320E1CB3500D233B5 /* pandaTests.swift in Sources */,
			);
			runOnlyForDeploymentPostprocessing = 0;
		};
		FDF3D87520E1CB3500D233B5 /* Sources */ = {
			isa = PBXSourcesBuildPhase;
			buildActionMask = 2147483647;
			files = (
				FDF3D87E20E1CB3500D233B5 /* pandaUITests.swift in Sources */,
			);
			runOnlyForDeploymentPostprocessing = 0;
		};
/* End PBXSourcesBuildPhase section */

/* Begin PBXTargetDependency section */
		FDF3D87020E1CB3500D233B5 /* PBXTargetDependency */ = {
			isa = PBXTargetDependency;
			target = FDF3D85520E1CB3400D233B5 /* panda */;
			targetProxy = FDF3D86F20E1CB3500D233B5 /* PBXContainerItemProxy */;
		};
		FDF3D87B20E1CB3500D233B5 /* PBXTargetDependency */ = {
			isa = PBXTargetDependency;
			target = FDF3D85520E1CB3400D233B5 /* panda */;
			targetProxy = FDF3D87A20E1CB3500D233B5 /* PBXContainerItemProxy */;
		};
/* End PBXTargetDependency section */

/* Begin PBXVariantGroup section */
		FDF3D86120E1CB3500D233B5 /* Main.storyboard */ = {
			isa = PBXVariantGroup;
			children = (
				FDF3D86220E1CB3500D233B5 /* Base */,
			);
			name = Main.storyboard;
			sourceTree = "<group>";
		};
		FDF3D86620E1CB3500D233B5 /* LaunchScreen.storyboard */ = {
			isa = PBXVariantGroup;
			children = (
				FDF3D86720E1CB3500D233B5 /* Base */,
			);
			name = LaunchScreen.storyboard;
			sourceTree = "<group>";
		};
/* End PBXVariantGroup section */

/* Begin XCBuildConfiguration section */
		FDF3D88020E1CB3500D233B5 /* Debug */ = {
			isa = XCBuildConfiguration;
			buildSettings = {
				ALWAYS_SEARCH_USER_PATHS = NO;
				CLANG_ANALYZER_NONNULL = YES;
				CLANG_CXX_LANGUAGE_STANDARD = "gnu++0x";
				CLANG_CXX_LIBRARY = "libc++";
				CLANG_ENABLE_MODULES = YES;
				CLANG_ENABLE_OBJC_ARC = YES;
				CLANG_WARN_BOOL_CONVERSION = YES;
				CLANG_WARN_CONSTANT_CONVERSION = YES;
				CLANG_WARN_DIRECT_OBJC_ISA_USAGE = YES_ERROR;
				CLANG_WARN_EMPTY_BODY = YES;
				CLANG_WARN_ENUM_CONVERSION = YES;
				CLANG_WARN_INT_CONVERSION = YES;
				CLANG_WARN_OBJC_ROOT_CLASS = YES_ERROR;
				CLANG_WARN_UNREACHABLE_CODE = YES;
				CLANG_WARN__DUPLICATE_METHOD_MATCH = YES;
				"CODE_SIGN_IDENTITY[sdk=iphoneos*]" = "iPhone Developer";
				COPY_PHASE_STRIP = NO;
				DEBUG_INFORMATION_FORMAT = "dwarf-with-dsym";
				ENABLE_STRICT_OBJC_MSGSEND = YES;
				ENABLE_TESTABILITY = YES;
				GCC_C_LANGUAGE_STANDARD = gnu99;
				GCC_DYNAMIC_NO_PIC = NO;
				GCC_NO_COMMON_BLOCKS = YES;
				GCC_OPTIMIZATION_LEVEL = 0;
				GCC_PREPROCESSOR_DEFINITIONS = (
					"DEBUG=1",
					"$(inherited)",
				);
				GCC_WARN_64_TO_32_BIT_CONVERSION = YES;
				GCC_WARN_ABOUT_RETURN_TYPE = YES_ERROR;
				GCC_WARN_UNDECLARED_SELECTOR = YES;
				GCC_WARN_UNINITIALIZED_AUTOS = YES_AGGRESSIVE;
				GCC_WARN_UNUSED_FUNCTION = YES;
				GCC_WARN_UNUSED_VARIABLE = YES;
				IPHONEOS_DEPLOYMENT_TARGET = 9.3;
				MTL_ENABLE_DEBUG_INFO = YES;
				ONLY_ACTIVE_ARCH = YES;
				SDKROOT = iphoneos;
				SWIFT_OPTIMIZATION_LEVEL = "-Onone";
				TARGETED_DEVICE_FAMILY = "1,2";
			};
			name = Debug;
		};
		FDF3D88120E1CB3500D233B5 /* Release */ = {
			isa = XCBuildConfiguration;
			buildSettings = {
				ALWAYS_SEARCH_USER_PATHS = NO;
				CLANG_ANALYZER_NONNULL = YES;
				CLANG_CXX_LANGUAGE_STANDARD = "gnu++0x";
				CLANG_CXX_LIBRARY = "libc++";
				CLANG_ENABLE_MODULES = YES;
				CLANG_ENABLE_OBJC_ARC = YES;
				CLANG_WARN_BOOL_CONVERSION = YES;
				CLANG_WARN_CONSTANT_CONVERSION = YES;
				CLANG_WARN_DIRECT_OBJC_ISA_USAGE = YES_ERROR;
				CLANG_WARN_EMPTY_BODY = YES;
				CLANG_WARN_ENUM_CONVERSION = YES;
				CLANG_WARN_INT_CONVERSION = YES;
				CLANG_WARN_OBJC_ROOT_CLASS = YES_ERROR;
				CLANG_WARN_UNREACHABLE_CODE = YES;
				CLANG_WARN__DUPLICATE_METHOD_MATCH = YES;
				"CODE_SIGN_IDENTITY[sdk=iphoneos*]" = "iPhone Developer";
				COPY_PHASE_STRIP = NO;
				DEBUG_INFORMATION_FORMAT = "dwarf-with-dsym";
				ENABLE_NS_ASSERTIONS = NO;
				ENABLE_STRICT_OBJC_MSGSEND = YES;
				GCC_C_LANGUAGE_STANDARD = gnu99;
				GCC_NO_COMMON_BLOCKS = YES;
				GCC_WARN_64_TO_32_BIT_CONVERSION = YES;
				GCC_WARN_ABOUT_RETURN_TYPE = YES_ERROR;
				GCC_WARN_UNDECLARED_SELECTOR = YES;
				GCC_WARN_UNINITIALIZED_AUTOS = YES_AGGRESSIVE;
				GCC_WARN_UNUSED_FUNCTION = YES;
				GCC_WARN_UNUSED_VARIABLE = YES;
				IPHONEOS_DEPLOYMENT_TARGET = 9.3;
				MTL_ENABLE_DEBUG_INFO = NO;
				SDKROOT = iphoneos;
				TARGETED_DEVICE_FAMILY = "1,2";
				VALIDATE_PRODUCT = YES;
			};
			name = Release;
		};
		FDF3D88320E1CB3500D233B5 /* Debug */ = {
			isa = XCBuildConfiguration;
			buildSettings = {
				ASSETCATALOG_COMPILER_APPICON_NAME = AppIcon;
				INFOPLIST_FILE = panda/Info.plist;
				LD_RUNPATH_SEARCH_PATHS = "$(inherited) @executable_path/Frameworks";
				PRODUCT_BUNDLE_IDENTIFIER = imun.edu.cn.panda;
				PRODUCT_NAME = "$(TARGET_NAME)";
			};
			name = Debug;
		};
		FDF3D88420E1CB3500D233B5 /* Release */ = {
			isa = XCBuildConfiguration;
			buildSettings = {
				ASSETCATALOG_COMPILER_APPICON_NAME = AppIcon;
				INFOPLIST_FILE = panda/Info.plist;
				LD_RUNPATH_SEARCH_PATHS = "$(inherited) @executable_path/Frameworks";
				PRODUCT_BUNDLE_IDENTIFIER = imun.edu.cn.panda;
				PRODUCT_NAME = "$(TARGET_NAME)";
			};
			name = Release;
		};
		FDF3D88620E1CB3500D233B5 /* Debug */ = {
			isa = XCBuildConfiguration;
			buildSettings = {
				BUNDLE_LOADER = "$(TEST_HOST)";
				DEBUG_INFORMATION_FORMAT = dwarf;
				INFOPLIST_FILE = pandaTests/Info.plist;
				LD_RUNPATH_SEARCH_PATHS = "$(inherited) @executable_path/Frameworks @loader_path/Frameworks";
				PRODUCT_BUNDLE_IDENTIFIER = imun.edu.cn.pandaTests;
				PRODUCT_NAME = "$(TARGET_NAME)";
				TEST_HOST = "$(BUILT_PRODUCTS_DIR)/panda.app/panda";
			};
			name = Debug;
		};
		FDF3D88720E1CB3500D233B5 /* Release */ = {
			isa = XCBuildConfiguration;
			buildSettings = {
				BUNDLE_LOADER = "$(TEST_HOST)";
				INFOPLIST_FILE = pandaTests/Info.plist;
				LD_RUNPATH_SEARCH_PATHS = "$(inherited) @executable_path/Frameworks @loader_path/Frameworks";
				PRODUCT_BUNDLE_IDENTIFIER = imun.edu.cn.pandaTests;
				PRODUCT_NAME = "$(TARGET_NAME)";
				TEST_HOST = "$(BUILT_PRODUCTS_DIR)/panda.app/panda";
			};
			name = Release;
		};
		FDF3D88920E1CB3500D233B5 /* Debug */ = {
			isa = XCBuildConfiguration;
			buildSettings = {
				DEBUG_INFORMATION_FORMAT = dwarf;
				INFOPLIST_FILE = pandaUITests/Info.plist;
				LD_RUNPATH_SEARCH_PATHS = "$(inherited) @executable_path/Frameworks @loader_path/Frameworks";
				PRODUCT_BUNDLE_IDENTIFIER = imun.edu.cn.pandaUITests;
				PRODUCT_NAME = "$(TARGET_NAME)";
				TEST_TARGET_NAME = panda;
			};
			name = Debug;
		};
		FDF3D88A20E1CB3500D233B5 /* Release */ = {
			isa = XCBuildConfiguration;
			buildSettings = {
				INFOPLIST_FILE = pandaUITests/Info.plist;
				LD_RUNPATH_SEARCH_PATHS = "$(inherited) @executable_path/Frameworks @loader_path/Frameworks";
				PRODUCT_BUNDLE_IDENTIFIER = imun.edu.cn.pandaUITests;
				PRODUCT_NAME = "$(TARGET_NAME)";
				TEST_TARGET_NAME = panda;
			};
			name = Release;
		};
/* End XCBuildConfiguration section */

/* Begin XCConfigurationList section */
		FDF3D85120E1CB3400D233B5 /* Build configuration list for PBXProject "panda" */ = {
			isa = XCConfigurationList;
			buildConfigurations = (
				FDF3D88020E1CB3500D233B5 /* Debug */,
				FDF3D88120E1CB3500D233B5 /* Release */,
			);
			defaultConfigurationIsVisible = 0;
			defaultConfigurationName = Release;
		};
		FDF3D88220E1CB3500D233B5 /* Build configuration list for PBXNativeTarget "panda" */ = {
			isa = XCConfigurationList;
			buildConfigurations = (
				FDF3D88320E1CB3500D233B5 /* Debug */,
				FDF3D88420E1CB3500D233B5 /* Release */,
			);
			defaultConfigurationIsVisible = 0;
			defaultConfigurationName = Release;
		};
		FDF3D88520E1CB3500D233B5 /* Build configuration list for PBXNativeTarget "pandaTests" */ = {
			isa = XCConfigurationList;
			buildConfigurations = (
				FDF3D88620E1CB3500D233B5 /* Debug */,
				FDF3D88720E1CB3500D233B5 /* Release */,
			);
			defaultConfigurationIsVisible = 0;
			defaultConfigurationName = Release;
		};
		FDF3D88820E1CB3500D233B5 /* Build configuration list for PBXNativeTarget "pandaUITests" */ = {
			isa = XCConfigurationList;
			buildConfigurations = (
				FDF3D88920E1CB3500D233B5 /* Debug */,
				FDF3D88A20E1CB3500D233B5 /* Release */,
			);
			defaultConfigurationIsVisible = 0;
			defaultConfigurationName = Release;
		};
/* End XCConfigurationList section */
	};
	rootObject = FDF3D84E20E1CB3400D233B5 /* Project object */;
}
